# THIS IS AN AUTOGENERATED FILE. DO NOT EDIT THIS FILE DIRECTLY.
# yarn lockfile v1


"zenn-cli@^0.1.139":
  "integrity" "sha512-bjiwnX4rqg2CgCjDDhTtoQyoD+VJBJhW+SqhxN/B6zP0W5yZdT6asEntRVcsm8u9eloV1sgCt1OazORsv1YtYg=="
  "resolved" "https://registry.npmjs.org/zenn-cli/-/zenn-cli-0.1.139.tgz"
  "version" "0.1.139"
