# THIS IS AN AUTOGENERATED FILE. DO NOT EDIT THIS FILE DIRECTLY.
# yarn lockfile v1


"zenn-cli@^0.1.140":
  "integrity" "sha512-fcMxd5DHeZeaVkeD1qUoKOgE3gNf1E8+Yh8Kb4hCVIiiwuPR4SOI0uCcno7aeD6LH7OSSymzn0clEdx/QrUhlQ=="
  "resolved" "https://registry.npmjs.org/zenn-cli/-/zenn-cli-0.1.140.tgz"
  "version" "0.1.140"
