# THIS IS AN AUTOGENERATED FILE. DO NOT EDIT THIS FILE DIRECTLY.
# yarn lockfile v1


"zenn-cli@^0.1.141":
  "integrity" "sha512-33hYqqHZk9nYP24Za56jeFcqXsPkoYno9HDsIjdUjQxzl3/zmRaJEiHJ3qD4IId6qNduY3Vhgq3s6kJuCDVuVQ=="
  "resolved" "https://registry.npmjs.org/zenn-cli/-/zenn-cli-0.1.141.tgz"
  "version" "0.1.141"
